PODS:
  - Alamofire (5.4.3)
  - ModelsMapper (0.1.0)
  - Moya/Combine (15.0.0-alpha.1):
    - Moya/Core
  - Moya/Core (15.0.0-alpha.1):
    - Alamofire (~> 5.0)
  - SDWebImage (5.10.4):
    - SDWebImage/Core (= 5.10.4)
  - SDWebImage/Core (5.10.4)
  - SDWebImageSwiftUI (2.0.2):
    - SDWebImage (~> 5.10)
  - SwiftGen (6.1.0)
  - SwiftLint (0.43.1)
  - SwiftMessages (9.0.1):
    - SwiftMessages/App (= 9.0.1)
  - SwiftMessages/App (9.0.1)

DEPENDENCIES:
  - ModelsMapper
  - Moya/Combine (~> 15.0.0-alpha.1)
  - SDWebImageSwiftUI
  - SwiftGen (= 6.1.0)
  - SwiftLint
  - SwiftMessages

SPEC REPOS:
  trunk:
    - Alamofire
    - ModelsMapper
    - Moya
    - SDWebImage
    - SDWebImageSwiftUI
    - SwiftGen
    - SwiftLint
    - SwiftMessages

SPEC CHECKSUMS:
  Alamofire: e447a2774a40c996748296fa2c55112fdbbc42f9
  ModelsMapper: 7c7f748889e5583c9c56002d67abb217e01d08e4
  Moya: 101c94dfb29289736ecd20fa6e82bea665e0671b
  SDWebImage: c666b97e1fa9c64b4909816a903322018f0a9c84
  SDWebImageSwiftUI: 8a3923c95108312b03a599ec1498754af55a6819
  SwiftGen: f872ca75cbd17bf7103c17f13dcfa0d9a15667b0
  SwiftLint: 99f82d07b837b942dd563c668de129a03fc3fb52
  SwiftMessages: b71f53eb919887c0273bf43cbc002bd4f0cfb3d6

PODFILE CHECKSUM: 46df67c5461496dd74dc14b0f3df040a986cc87d

COCOAPODS: 1.10.1
